
Microsoft Visual Studio Solution File, Format Version 12.00
# Visual Studio Version 16
VisualStudioVersion = 16.0.30225.117
MinimumVisualStudioVersion = 10.0.40219.1
Project("{FAE04EC0-301F-11D3-BF4B-00C04F79EFBC}") = "RoomForRent", "RoomForRent.csproj", "{BF06CA2B-6694-4ABB-8AF8-3ED39B738E37}"
EndProject
Global
	GlobalSection(SolutionConfigurationPlatforms) = preSolution
		Debug|Any CPU = Debug|Any CPU
		Release|Any CPU = Release|Any CPU
	EndGlobalSection
	GlobalSection(ProjectConfigurationPlatforms) = postSolution
		{BF06CA2B-6694-4ABB-8AF8-3ED39B738E37}.Debug|Any CPU.ActiveCfg = Debug|Any CPU
		{BF06CA2B-6694-4ABB-8AF8-3ED39B738E37}.Debug|Any CPU.Build.0 = Debug|Any CPU
		{BF06CA2B-6694-4ABB-8AF8-3ED39B738E37}.Release|Any CPU.ActiveCfg = Release|Any CPU
		{BF06CA2B-6694-4ABB-8AF8-3ED39B738E37}.Release|Any CPU.Build.0 = Release|Any CPU
	EndGlobalSection
	GlobalSection(SolutionProperties) = preSolution
		HideSolutionNode = FALSE
	EndGlobalSection
	GlobalSection(ExtensibilityGlobals) = postSolution
		SolutionGuid = {F62A3C02-6E3E-4538-A4A7-754F32D21990}
	EndGlobalSection
EndGlobal
